{
  "name": "cap-business-service-cds",
  "version": "1.0.0",
  "lockfileVersion": 1,
  "requires": true,
  "dependencies": {
    "@sap/ux-specification": {
      "version": "1.90.0",
      "resolved": "https://registry.npmjs.org/@sap/ux-specification/-/ux-specification-1.90.0.tgz",
      "integrity": "sha512-0bsdbLMCgNcJ2a/CanGtq8XWa2kLzbQL3uwPWtnCvu1d2ZXAtYWMuACWJflSmEOZXe16w7Q+SkUWoQkBeqqS1Q==",
      "dev": true
    }
  }
}
